
Microsoft Visual Studio Solution File, Format Version 12.00
# Visual Studio Version 17
VisualStudioVersion = 17.4.33213.308
MinimumVisualStudioVersion = 10.0.40219.1
Project("{FAE04EC0-301F-11D3-BF4B-00C04F79EFBC}") = "CSharpHelper", "CSharpHelper\CSharpHelper.csproj", "{8BFA1583-94E5-428B-9FDE-7640CFDB3F3E}"
EndProject
Project("{FAE04EC0-301F-11D3-BF4B-00C04F79EFBC}") = "CSharpHelper.Test", "CSharpHelper.Test\CSharpHelper.Test.csproj", "{7982D833-C850-4255-A610-F57AB64ACB45}"
EndProject
Global
	GlobalSection(SolutionConfigurationPlatforms) = preSolution
		Debug|Any CPU = Debug|Any CPU
		Release|Any CPU = Release|Any CPU
	EndGlobalSection
	GlobalSection(ProjectConfigurationPlatforms) = postSolution
		{8BFA1583-94E5-428B-9FDE-7640CFDB3F3E}.Debug|Any CPU.ActiveCfg = Debug|Any CPU
		{8BFA1583-94E5-428B-9FDE-7640CFDB3F3E}.Debug|Any CPU.Build.0 = Debug|Any CPU
		{8BFA1583-94E5-428B-9FDE-7640CFDB3F3E}.Release|Any CPU.ActiveCfg = Release|Any CPU
		{8BFA1583-94E5-428B-9FDE-7640CFDB3F3E}.Release|Any CPU.Build.0 = Release|Any CPU
		{7982D833-C850-4255-A610-F57AB64ACB45}.Debug|Any CPU.ActiveCfg = Debug|Any CPU
		{7982D833-C850-4255-A610-F57AB64ACB45}.Debug|Any CPU.Build.0 = Debug|Any CPU
		{7982D833-C850-4255-A610-F57AB64ACB45}.Release|Any CPU.ActiveCfg = Release|Any CPU
		{7982D833-C850-4255-A610-F57AB64ACB45}.Release|Any CPU.Build.0 = Release|Any CPU
	EndGlobalSection
	GlobalSection(SolutionProperties) = preSolution
		HideSolutionNode = FALSE
	EndGlobalSection
	GlobalSection(ExtensibilityGlobals) = postSolution
		SolutionGuid = {DBE33033-BADD-44FC-8499-637D8CAFE2BB}
	EndGlobalSection
EndGlobal
